
Microsoft Visual Studio Solution File, Format Version 12.00
# Visual Studio Version 17
VisualStudioVersion = 17.4.33213.308
MinimumVisualStudioVersion = 10.0.40219.1
Project("{9A19103F-16F7-4668-BE54-9A1E7A4F7556}") = "FixApp.WebAPI", "FixApp.WebAPI\FixApp.WebAPI.csproj", "{E418EFEA-F500-4D79-A7DF-5E4603071B59}"
EndProject
Project("{9A19103F-16F7-4668-BE54-9A1E7A4F7556}") = "FixLife.WebApiDomain", "FixLife.WebApiDomain\FixLife.WebApiDomain.csproj", "{FF04C0CB-4454-446F-A628-E0C8BB987710}"
EndProject
Project("{9A19103F-16F7-4668-BE54-9A1E7A4F7556}") = "FixLife.WebApiInfra", "FixLife.WebApiInfra\FixLife.WebApiInfra.csproj", "{3D5C2F4C-DBDC-4832-8053-7A8A0583DE54}"
EndProject
Project("{9A19103F-16F7-4668-BE54-9A1E7A4F7556}") = "FixLife.WebApiQueries", "FixLife.WebApiQueries\FixLife.WebApiQueries.csproj", "{46DEC898-0B71-45C6-A686-DB7D3636EF80}"
EndProject
Project("{9A19103F-16F7-4668-BE54-9A1E7A4F7556}") = "FixLife.ClientApp", "FixLife.ClientApp\FixLife.ClientApp.csproj", "{EA9D2A9E-052F-44E7-84D5-311F931C4F6A}"
EndProject
Project("{9A19103F-16F7-4668-BE54-9A1E7A4F7556}") = "FixLife.KafkaLog", "FixLife.KafkaLog\FixLife.KafkaLog.csproj", "{F91682D0-5E25-45A5-8016-5673DB218A59}"
EndProject
Project("{9A19103F-16F7-4668-BE54-9A1E7A4F7556}") = "FixLife.ApiTest", "FixLife.ApiTest\FixLife.ApiTest.csproj", "{8ED92949-F4A9-4CA8-8D80-72187FA4FCDC}"
EndProject
Project("{9A19103F-16F7-4668-BE54-9A1E7A4F7556}") = "FixLife.Kafka", "FixLife.Kafka\FixLife.Kafka.csproj", "{6D6C75F1-785F-48C9-BAAB-E11FC382FBE7}"
EndProject
Project("{FAE04EC0-301F-11D3-BF4B-00C04F79EFBC}") = "FixLife.AI.Client", "FixLife.AI.Client\FixLife.AI.Client.csproj", "{5A03FF9D-91FF-4A0F-B4C3-3D3F35552579}"
EndProject
Project("{2150E333-8FDC-42A3-9474-1A3956D46DE8}") = "src", "src", "{02EA681E-C7D8-13C7-8484-4AC65E1B71E8}"
EndProject
Project("{2150E333-8FDC-42A3-9474-1A3956D46DE8}") = "test", "test", "{9998E75F-A92A-4829-BE98-D80D766A6EB1}"
EndProject
Project("{2150E333-8FDC-42A3-9474-1A3956D46DE8}") = "FixLife.Admin", "FixLife.Admin", "{5B081CC5-666C-4BB6-AE39-0B9E996D5AC1}"
EndProject
Project("{54A90642-561A-4BB1-A94E-469ADEE60C69}") = "fixlife.admin.client", "FixLife.Admin\fixlife.admin.client\fixlife.admin.client.esproj", "{A82429AA-E1A8-F816-98B0-BDF345B7798D}"
EndProject
Project("{FAE04EC0-301F-11D3-BF4B-00C04F79EFBC}") = "FixLife.Admin.Server", "FixLife.Admin\FixLife.Admin.Server\FixLife.Admin.Server.csproj", "{56A9B491-A256-B6B6-1BF8-25BE8C999843}"
EndProject
Project("{FAE04EC0-301F-11D3-BF4B-00C04F79EFBC}") = "FixLife.AppHost", "FixLife.AppHost\FixLife.AppHost.csproj", "{0365585D-35E7-469C-B41B-499F3F80874A}"
EndProject
Project("{FAE04EC0-301F-11D3-BF4B-00C04F79EFBC}") = "FixLife.ServiceDefaults", "FixLife.ServiceDefaults\FixLife.ServiceDefaults.csproj", "{ADA83765-8E18-AB9A-62DC-FB7BB378AF14}"
EndProject
Project("{FAE04EC0-301F-11D3-BF4B-00C04F79EFBC}") = "FixLife.Admin.Users", "FixLife.Admin.Users\FixLife.Admin.Users.csproj", "{BD1CF672-5FE7-4946-83A4-6AFAEAD91B4F}"
EndProject
Project("{FAE04EC0-301F-11D3-BF4B-00C04F79EFBC}") = "FixLife.Admin.Plans", "FixLife.Admin.Plans\FixLife.Admin.Plans.csproj", "{76A5E426-41E9-4149-9700-FB015E76A37E}"
EndProject
Project("{FAE04EC0-301F-11D3-BF4B-00C04F79EFBC}") = "FixLife.Admin.Identity", "FixLife.Admin.Identity\FixLife.Admin.Identity.csproj", "{7F517571-6C2A-493C-8F5A-EA2F56A03EEC}"
EndProject
Global
	GlobalSection(SolutionConfigurationPlatforms) = preSolution
		Debug|Any CPU = Debug|Any CPU
		Release|Any CPU = Release|Any CPU
	EndGlobalSection
	GlobalSection(ProjectConfigurationPlatforms) = postSolution
		{E418EFEA-F500-4D79-A7DF-5E4603071B59}.Debug|Any CPU.ActiveCfg = Debug|Any CPU
		{E418EFEA-F500-4D79-A7DF-5E4603071B59}.Debug|Any CPU.Build.0 = Debug|Any CPU
		{E418EFEA-F500-4D79-A7DF-5E4603071B59}.Release|Any CPU.ActiveCfg = Release|Any CPU
		{E418EFEA-F500-4D79-A7DF-5E4603071B59}.Release|Any CPU.Build.0 = Release|Any CPU
		{FF04C0CB-4454-446F-A628-E0C8BB987710}.Debug|Any CPU.ActiveCfg = Debug|Any CPU
		{FF04C0CB-4454-446F-A628-E0C8BB987710}.Debug|Any CPU.Build.0 = Debug|Any CPU
		{FF04C0CB-4454-446F-A628-E0C8BB987710}.Release|Any CPU.ActiveCfg = Release|Any CPU
		{FF04C0CB-4454-446F-A628-E0C8BB987710}.Release|Any CPU.Build.0 = Release|Any CPU
		{3D5C2F4C-DBDC-4832-8053-7A8A0583DE54}.Debug|Any CPU.ActiveCfg = Debug|Any CPU
		{3D5C2F4C-DBDC-4832-8053-7A8A0583DE54}.Debug|Any CPU.Build.0 = Debug|Any CPU
		{3D5C2F4C-DBDC-4832-8053-7A8A0583DE54}.Release|Any CPU.ActiveCfg = Release|Any CPU
		{3D5C2F4C-DBDC-4832-8053-7A8A0583DE54}.Release|Any CPU.Build.0 = Release|Any CPU
		{46DEC898-0B71-45C6-A686-DB7D3636EF80}.Debug|Any CPU.ActiveCfg = Debug|Any CPU
		{46DEC898-0B71-45C6-A686-DB7D3636EF80}.Debug|Any CPU.Build.0 = Debug|Any CPU
		{46DEC898-0B71-45C6-A686-DB7D3636EF80}.Release|Any CPU.ActiveCfg = Release|Any CPU
		{46DEC898-0B71-45C6-A686-DB7D3636EF80}.Release|Any CPU.Build.0 = Release|Any CPU
		{EA9D2A9E-052F-44E7-84D5-311F931C4F6A}.Debug|Any CPU.ActiveCfg = Debug|Any CPU
		{EA9D2A9E-052F-44E7-84D5-311F931C4F6A}.Debug|Any CPU.Build.0 = Debug|Any CPU
		{EA9D2A9E-052F-44E7-84D5-311F931C4F6A}.Debug|Any CPU.Deploy.0 = Debug|Any CPU
		{EA9D2A9E-052F-44E7-84D5-311F931C4F6A}.Release|Any CPU.ActiveCfg = Release|Any CPU
		{EA9D2A9E-052F-44E7-84D5-311F931C4F6A}.Release|Any CPU.Build.0 = Release|Any CPU
		{EA9D2A9E-052F-44E7-84D5-311F931C4F6A}.Release|Any CPU.Deploy.0 = Release|Any CPU
		{F91682D0-5E25-45A5-8016-5673DB218A59}.Debug|Any CPU.ActiveCfg = Debug|Any CPU
		{F91682D0-5E25-45A5-8016-5673DB218A59}.Debug|Any CPU.Build.0 = Debug|Any CPU
		{F91682D0-5E25-45A5-8016-5673DB218A59}.Release|Any CPU.ActiveCfg = Release|Any CPU
		{F91682D0-5E25-45A5-8016-5673DB218A59}.Release|Any CPU.Build.0 = Release|Any CPU
		{8ED92949-F4A9-4CA8-8D80-72187FA4FCDC}.Debug|Any CPU.ActiveCfg = Debug|Any CPU
		{8ED92949-F4A9-4CA8-8D80-72187FA4FCDC}.Debug|Any CPU.Build.0 = Debug|Any CPU
		{8ED92949-F4A9-4CA8-8D80-72187FA4FCDC}.Release|Any CPU.ActiveCfg = Release|Any CPU
		{8ED92949-F4A9-4CA8-8D80-72187FA4FCDC}.Release|Any CPU.Build.0 = Release|Any CPU
		{6D6C75F1-785F-48C9-BAAB-E11FC382FBE7}.Debug|Any CPU.ActiveCfg = Debug|Any CPU
		{6D6C75F1-785F-48C9-BAAB-E11FC382FBE7}.Debug|Any CPU.Build.0 = Debug|Any CPU
		{6D6C75F1-785F-48C9-BAAB-E11FC382FBE7}.Release|Any CPU.ActiveCfg = Release|Any CPU
		{6D6C75F1-785F-48C9-BAAB-E11FC382FBE7}.Release|Any CPU.Build.0 = Release|Any CPU
		{5A03FF9D-91FF-4A0F-B4C3-3D3F35552579}.Debug|Any CPU.ActiveCfg = Debug|Any CPU
		{5A03FF9D-91FF-4A0F-B4C3-3D3F35552579}.Debug|Any CPU.Build.0 = Debug|Any CPU
		{5A03FF9D-91FF-4A0F-B4C3-3D3F35552579}.Release|Any CPU.ActiveCfg = Release|Any CPU
		{5A03FF9D-91FF-4A0F-B4C3-3D3F35552579}.Release|Any CPU.Build.0 = Release|Any CPU
		{A82429AA-E1A8-F816-98B0-BDF345B7798D}.Debug|Any CPU.ActiveCfg = Debug|Any CPU
		{A82429AA-E1A8-F816-98B0-BDF345B7798D}.Debug|Any CPU.Build.0 = Debug|Any CPU
		{A82429AA-E1A8-F816-98B0-BDF345B7798D}.Release|Any CPU.ActiveCfg = Release|Any CPU
		{A82429AA-E1A8-F816-98B0-BDF345B7798D}.Release|Any CPU.Build.0 = Release|Any CPU
		{56A9B491-A256-B6B6-1BF8-25BE8C999843}.Debug|Any CPU.ActiveCfg = Debug|Any CPU
		{56A9B491-A256-B6B6-1BF8-25BE8C999843}.Debug|Any CPU.Build.0 = Debug|Any CPU
		{56A9B491-A256-B6B6-1BF8-25BE8C999843}.Release|Any CPU.ActiveCfg = Release|Any CPU
		{56A9B491-A256-B6B6-1BF8-25BE8C999843}.Release|Any CPU.Build.0 = Release|Any CPU
		{0365585D-35E7-469C-B41B-499F3F80874A}.Debug|Any CPU.ActiveCfg = Debug|Any CPU
		{0365585D-35E7-469C-B41B-499F3F80874A}.Debug|Any CPU.Build.0 = Debug|Any CPU
		{0365585D-35E7-469C-B41B-499F3F80874A}.Release|Any CPU.ActiveCfg = Release|Any CPU
		{0365585D-35E7-469C-B41B-499F3F80874A}.Release|Any CPU.Build.0 = Release|Any CPU
		{ADA83765-8E18-AB9A-62DC-FB7BB378AF14}.Debug|Any CPU.ActiveCfg = Debug|Any CPU
		{ADA83765-8E18-AB9A-62DC-FB7BB378AF14}.Debug|Any CPU.Build.0 = Debug|Any CPU
		{ADA83765-8E18-AB9A-62DC-FB7BB378AF14}.Release|Any CPU.ActiveCfg = Release|Any CPU
		{ADA83765-8E18-AB9A-62DC-FB7BB378AF14}.Release|Any CPU.Build.0 = Release|Any CPU
		{BD1CF672-5FE7-4946-83A4-6AFAEAD91B4F}.Debug|Any CPU.ActiveCfg = Debug|Any CPU
		{BD1CF672-5FE7-4946-83A4-6AFAEAD91B4F}.Debug|Any CPU.Build.0 = Debug|Any CPU
		{BD1CF672-5FE7-4946-83A4-6AFAEAD91B4F}.Release|Any CPU.ActiveCfg = Release|Any CPU
		{BD1CF672-5FE7-4946-83A4-6AFAEAD91B4F}.Release|Any CPU.Build.0 = Release|Any CPU
		{76A5E426-41E9-4149-9700-FB015E76A37E}.Debug|Any CPU.ActiveCfg = Debug|Any CPU
		{76A5E426-41E9-4149-9700-FB015E76A37E}.Debug|Any CPU.Build.0 = Debug|Any CPU
		{76A5E426-41E9-4149-9700-FB015E76A37E}.Release|Any CPU.ActiveCfg = Release|Any CPU
		{76A5E426-41E9-4149-9700-FB015E76A37E}.Release|Any CPU.Build.0 = Release|Any CPU
		{7F517571-6C2A-493C-8F5A-EA2F56A03EEC}.Debug|Any CPU.ActiveCfg = Debug|Any CPU
		{7F517571-6C2A-493C-8F5A-EA2F56A03EEC}.Debug|Any CPU.Build.0 = Debug|Any CPU
		{7F517571-6C2A-493C-8F5A-EA2F56A03EEC}.Release|Any CPU.ActiveCfg = Release|Any CPU
		{7F517571-6C2A-493C-8F5A-EA2F56A03EEC}.Release|Any CPU.Build.0 = Release|Any CPU
	EndGlobalSection
	GlobalSection(SolutionProperties) = preSolution
		HideSolutionNode = FALSE
	EndGlobalSection
	GlobalSection(NestedProjects) = preSolution
		{E418EFEA-F500-4D79-A7DF-5E4603071B59} = {02EA681E-C7D8-13C7-8484-4AC65E1B71E8}
		{FF04C0CB-4454-446F-A628-E0C8BB987710} = {02EA681E-C7D8-13C7-8484-4AC65E1B71E8}
		{3D5C2F4C-DBDC-4832-8053-7A8A0583DE54} = {02EA681E-C7D8-13C7-8484-4AC65E1B71E8}
		{46DEC898-0B71-45C6-A686-DB7D3636EF80} = {02EA681E-C7D8-13C7-8484-4AC65E1B71E8}
		{EA9D2A9E-052F-44E7-84D5-311F931C4F6A} = {02EA681E-C7D8-13C7-8484-4AC65E1B71E8}
		{F91682D0-5E25-45A5-8016-5673DB218A59} = {02EA681E-C7D8-13C7-8484-4AC65E1B71E8}
		{8ED92949-F4A9-4CA8-8D80-72187FA4FCDC} = {9998E75F-A92A-4829-BE98-D80D766A6EB1}
		{6D6C75F1-785F-48C9-BAAB-E11FC382FBE7} = {02EA681E-C7D8-13C7-8484-4AC65E1B71E8}
		{5A03FF9D-91FF-4A0F-B4C3-3D3F35552579} = {02EA681E-C7D8-13C7-8484-4AC65E1B71E8}
		{A82429AA-E1A8-F816-98B0-BDF345B7798D} = {5B081CC5-666C-4BB6-AE39-0B9E996D5AC1}
		{56A9B491-A256-B6B6-1BF8-25BE8C999843} = {5B081CC5-666C-4BB6-AE39-0B9E996D5AC1}
		{0365585D-35E7-469C-B41B-499F3F80874A} = {5B081CC5-666C-4BB6-AE39-0B9E996D5AC1}
		{ADA83765-8E18-AB9A-62DC-FB7BB378AF14} = {5B081CC5-666C-4BB6-AE39-0B9E996D5AC1}
		{BD1CF672-5FE7-4946-83A4-6AFAEAD91B4F} = {5B081CC5-666C-4BB6-AE39-0B9E996D5AC1}
		{76A5E426-41E9-4149-9700-FB015E76A37E} = {5B081CC5-666C-4BB6-AE39-0B9E996D5AC1}
		{7F517571-6C2A-493C-8F5A-EA2F56A03EEC} = {5B081CC5-666C-4BB6-AE39-0B9E996D5AC1}
	EndGlobalSection
	GlobalSection(ExtensibilityGlobals) = postSolution
		SolutionGuid = {AE27EC52-CABE-4378-B168-D0C954980B5F}
	EndGlobalSection
EndGlobal
