
Microsoft Visual Studio Solution File, Format Version 12.00
# Visual Studio Version 17
VisualStudioVersion = 17.4.33213.308
MinimumVisualStudioVersion = 10.0.40219.1
Project("{9A19103F-16F7-4668-BE54-9A1E7A4F7556}") = "FixApp.WebAPI", "FixApp.WebAPI\FixApp.WebAPI.csproj", "{E418EFEA-F500-4D79-A7DF-5E4603071B59}"
EndProject
Project("{9A19103F-16F7-4668-BE54-9A1E7A4F7556}") = "FixLife.WebApiDomain", "FixLife.WebApiDomain\FixLife.WebApiDomain.csproj", "{FF04C0CB-4454-446F-A628-E0C8BB987710}"
EndProject
Project("{9A19103F-16F7-4668-BE54-9A1E7A4F7556}") = "FixLife.WebApiInfra", "FixLife.WebApiInfra\FixLife.WebApiInfra.csproj", "{3D5C2F4C-DBDC-4832-8053-7A8A0583DE54}"
EndProject
Project("{9A19103F-16F7-4668-BE54-9A1E7A4F7556}") = "FixLife.WebApiQueries", "FixLife.WebApiQueries\FixLife.WebApiQueries.csproj", "{46DEC898-0B71-45C6-A686-DB7D3636EF80}"
EndProject
Project("{9A19103F-16F7-4668-BE54-9A1E7A4F7556}") = "FixLife.ClientApp", "FixLife.ClientApp\FixLife.ClientApp.csproj", "{EA9D2A9E-052F-44E7-84D5-311F931C4F6A}"
EndProject
Project("{9A19103F-16F7-4668-BE54-9A1E7A4F7556}") = "FixLife.KafkaLog", "FixLife.KafkaLog\FixLife.KafkaLog.csproj", "{F91682D0-5E25-45A5-8016-5673DB218A59}"
EndProject
Project("{9A19103F-16F7-4668-BE54-9A1E7A4F7556}") = "FixLife.ApiTest", "FixLife.ApiTest\FixLife.ApiTest.csproj", "{8ED92949-F4A9-4CA8-8D80-72187FA4FCDC}"
EndProject
Project("{9A19103F-16F7-4668-BE54-9A1E7A4F7556}") = "FixLife.Kafka", "FixLife.Kafka\FixLife.Kafka.csproj", "{6D6C75F1-785F-48C9-BAAB-E11FC382FBE7}"
EndProject
Project("{FAE04EC0-301F-11D3-BF4B-00C04F79EFBC}") = "FixLife.AI.Client", "FixLife.AI.Client\FixLife.AI.Client.csproj", "{5A03FF9D-91FF-4A0F-B4C3-3D3F35552579}"
EndProject
Global
	GlobalSection(SolutionConfigurationPlatforms) = preSolution
		Debug|Any CPU = Debug|Any CPU
		Release|Any CPU = Release|Any CPU
	EndGlobalSection
	GlobalSection(ProjectConfigurationPlatforms) = postSolution
		{E418EFEA-F500-4D79-A7DF-5E4603071B59}.Debug|Any CPU.ActiveCfg = Debug|Any CPU
		{E418EFEA-F500-4D79-A7DF-5E4603071B59}.Debug|Any CPU.Build.0 = Debug|Any CPU
		{E418EFEA-F500-4D79-A7DF-5E4603071B59}.Release|Any CPU.ActiveCfg = Release|Any CPU
		{E418EFEA-F500-4D79-A7DF-5E4603071B59}.Release|Any CPU.Build.0 = Release|Any CPU
		{FF04C0CB-4454-446F-A628-E0C8BB987710}.Debug|Any CPU.ActiveCfg = Debug|Any CPU
		{FF04C0CB-4454-446F-A628-E0C8BB987710}.Debug|Any CPU.Build.0 = Debug|Any CPU
		{FF04C0CB-4454-446F-A628-E0C8BB987710}.Release|Any CPU.ActiveCfg = Release|Any CPU
		{FF04C0CB-4454-446F-A628-E0C8BB987710}.Release|Any CPU.Build.0 = Release|Any CPU
		{3D5C2F4C-DBDC-4832-8053-7A8A0583DE54}.Debug|Any CPU.ActiveCfg = Debug|Any CPU
		{3D5C2F4C-DBDC-4832-8053-7A8A0583DE54}.Debug|Any CPU.Build.0 = Debug|Any CPU
		{3D5C2F4C-DBDC-4832-8053-7A8A0583DE54}.Release|Any CPU.ActiveCfg = Release|Any CPU
		{3D5C2F4C-DBDC-4832-8053-7A8A0583DE54}.Release|Any CPU.Build.0 = Release|Any CPU
		{46DEC898-0B71-45C6-A686-DB7D3636EF80}.Debug|Any CPU.ActiveCfg = Debug|Any CPU
		{46DEC898-0B71-45C6-A686-DB7D3636EF80}.Debug|Any CPU.Build.0 = Debug|Any CPU
		{46DEC898-0B71-45C6-A686-DB7D3636EF80}.Release|Any CPU.ActiveCfg = Release|Any CPU
		{46DEC898-0B71-45C6-A686-DB7D3636EF80}.Release|Any CPU.Build.0 = Release|Any CPU
		{EA9D2A9E-052F-44E7-84D5-311F931C4F6A}.Debug|Any CPU.ActiveCfg = Debug|Any CPU
		{EA9D2A9E-052F-44E7-84D5-311F931C4F6A}.Debug|Any CPU.Build.0 = Debug|Any CPU
		{EA9D2A9E-052F-44E7-84D5-311F931C4F6A}.Debug|Any CPU.Deploy.0 = Debug|Any CPU
		{EA9D2A9E-052F-44E7-84D5-311F931C4F6A}.Release|Any CPU.ActiveCfg = Release|Any CPU
		{EA9D2A9E-052F-44E7-84D5-311F931C4F6A}.Release|Any CPU.Build.0 = Release|Any CPU
		{EA9D2A9E-052F-44E7-84D5-311F931C4F6A}.Release|Any CPU.Deploy.0 = Release|Any CPU
		{F91682D0-5E25-45A5-8016-5673DB218A59}.Debug|Any CPU.ActiveCfg = Debug|Any CPU
		{F91682D0-5E25-45A5-8016-5673DB218A59}.Debug|Any CPU.Build.0 = Debug|Any CPU
		{F91682D0-5E25-45A5-8016-5673DB218A59}.Release|Any CPU.ActiveCfg = Release|Any CPU
		{F91682D0-5E25-45A5-8016-5673DB218A59}.Release|Any CPU.Build.0 = Release|Any CPU
		{8ED92949-F4A9-4CA8-8D80-72187FA4FCDC}.Debug|Any CPU.ActiveCfg = Debug|Any CPU
		{8ED92949-F4A9-4CA8-8D80-72187FA4FCDC}.Debug|Any CPU.Build.0 = Debug|Any CPU
		{8ED92949-F4A9-4CA8-8D80-72187FA4FCDC}.Release|Any CPU.ActiveCfg = Release|Any CPU
		{8ED92949-F4A9-4CA8-8D80-72187FA4FCDC}.Release|Any CPU.Build.0 = Release|Any CPU
		{6D6C75F1-785F-48C9-BAAB-E11FC382FBE7}.Debug|Any CPU.ActiveCfg = Debug|Any CPU
		{6D6C75F1-785F-48C9-BAAB-E11FC382FBE7}.Debug|Any CPU.Build.0 = Debug|Any CPU
		{6D6C75F1-785F-48C9-BAAB-E11FC382FBE7}.Release|Any CPU.ActiveCfg = Release|Any CPU
		{6D6C75F1-785F-48C9-BAAB-E11FC382FBE7}.Release|Any CPU.Build.0 = Release|Any CPU
		{5A03FF9D-91FF-4A0F-B4C3-3D3F35552579}.Debug|Any CPU.ActiveCfg = Debug|Any CPU
		{5A03FF9D-91FF-4A0F-B4C3-3D3F35552579}.Debug|Any CPU.Build.0 = Debug|Any CPU
		{5A03FF9D-91FF-4A0F-B4C3-3D3F35552579}.Release|Any CPU.ActiveCfg = Release|Any CPU
		{5A03FF9D-91FF-4A0F-B4C3-3D3F35552579}.Release|Any CPU.Build.0 = Release|Any CPU
	EndGlobalSection
	GlobalSection(SolutionProperties) = preSolution
		HideSolutionNode = FALSE
	EndGlobalSection
	GlobalSection(ExtensibilityGlobals) = postSolution
		SolutionGuid = {AE27EC52-CABE-4378-B168-D0C954980B5F}
	EndGlobalSection
EndGlobal
